
Microsoft Visual Studio Solution File, Format Version 12.00
# Visual Studio Version 16
VisualStudioVersion = 16.0.31624.102
MinimumVisualStudioVersion = 10.0.40219.1
Project("{9A19103F-16F7-4668-BE54-9A1E7A4F7556}") = "UserData", "UserData\UserData.csproj", "{DAFB02D8-514E-4A19-9901-270C10B11C3A}"
EndProject
Project("{9A19103F-16F7-4668-BE54-9A1E7A4F7556}") = "UserAge", "UserAge\UserAge.csproj", "{711A8D58-4B66-42A3-901C-E85C9378E843}"
EndProject
Project("{FAE04EC0-301F-11D3-BF4B-00C04F79EFBC}") = "InstagramAgeCheck", "InstagramAgeCheck\InstagramAgeCheck.csproj", "{F6A35A9D-1598-433E-A679-E85369866AA4}"
EndProject
Project("{FAE04EC0-301F-11D3-BF4B-00C04F79EFBC}") = "DrivingLisence", "DrivingLisence\DrivingLisence.csproj", "{A625B63C-2E83-46D9-995E-147BC0F85244}"
EndProject
Global
	GlobalSection(SolutionConfigurationPlatforms) = preSolution
		Debug|Any CPU = Debug|Any CPU
		Release|Any CPU = Release|Any CPU
	EndGlobalSection
	GlobalSection(ProjectConfigurationPlatforms) = postSolution
		{DAFB02D8-514E-4A19-9901-270C10B11C3A}.Debug|Any CPU.ActiveCfg = Debug|Any CPU
		{DAFB02D8-514E-4A19-9901-270C10B11C3A}.Debug|Any CPU.Build.0 = Debug|Any CPU
		{DAFB02D8-514E-4A19-9901-270C10B11C3A}.Release|Any CPU.ActiveCfg = Release|Any CPU
		{DAFB02D8-514E-4A19-9901-270C10B11C3A}.Release|Any CPU.Build.0 = Release|Any CPU
		{711A8D58-4B66-42A3-901C-E85C9378E843}.Debug|Any CPU.ActiveCfg = Debug|Any CPU
		{711A8D58-4B66-42A3-901C-E85C9378E843}.Debug|Any CPU.Build.0 = Debug|Any CPU
		{711A8D58-4B66-42A3-901C-E85C9378E843}.Release|Any CPU.ActiveCfg = Release|Any CPU
		{711A8D58-4B66-42A3-901C-E85C9378E843}.Release|Any CPU.Build.0 = Release|Any CPU
		{F6A35A9D-1598-433E-A679-E85369866AA4}.Debug|Any CPU.ActiveCfg = Debug|Any CPU
		{F6A35A9D-1598-433E-A679-E85369866AA4}.Debug|Any CPU.Build.0 = Debug|Any CPU
		{F6A35A9D-1598-433E-A679-E85369866AA4}.Release|Any CPU.ActiveCfg = Release|Any CPU
		{F6A35A9D-1598-433E-A679-E85369866AA4}.Release|Any CPU.Build.0 = Release|Any CPU
		{A625B63C-2E83-46D9-995E-147BC0F85244}.Debug|Any CPU.ActiveCfg = Debug|Any CPU
		{A625B63C-2E83-46D9-995E-147BC0F85244}.Debug|Any CPU.Build.0 = Debug|Any CPU
		{A625B63C-2E83-46D9-995E-147BC0F85244}.Release|Any CPU.ActiveCfg = Release|Any CPU
		{A625B63C-2E83-46D9-995E-147BC0F85244}.Release|Any CPU.Build.0 = Release|Any CPU
	EndGlobalSection
	GlobalSection(SolutionProperties) = preSolution
		HideSolutionNode = FALSE
	EndGlobalSection
	GlobalSection(ExtensibilityGlobals) = postSolution
		SolutionGuid = {DE1E7270-76D9-4913-B811-DBD1B86BE312}
	EndGlobalSection
EndGlobal
